
Microsoft Visual Studio Solution File, Format Version 12.00
# Visual Studio Version 17
VisualStudioVersion = 17.4.33213.308
MinimumVisualStudioVersion = 10.0.40219.1
Project("{9A19103F-16F7-4668-BE54-9A1E7A4F7556}") = "Mc2.CrudTest.Api", "Mc2.CrudTest.Presentation\Server\Mc2.CrudTest.Api.csproj", "{D2AD2F7D-C1E0-4C84-A2A4-6900CED15599}"
EndProject
Project("{9A19103F-16F7-4668-BE54-9A1E7A4F7556}") = "Mc2.CrudTest.UI", "Mc2.CrudTest.Presentation\Client\Mc2.CrudTest.UI.csproj", "{817C1B83-0CAC-4345-A0BE-5CCF30B15C26}"
EndProject
Project("{9A19103F-16F7-4668-BE54-9A1E7A4F7556}") = "Mc2.CrudTest.Shared", "Mc2.CrudTest.Presentation\Shared\Mc2.CrudTest.Shared.csproj", "{D6F1EC1A-CE1D-4E6D-B61D-07033DD442BE}"
EndProject
Project("{9A19103F-16F7-4668-BE54-9A1E7A4F7556}") = "Mc2.CrudTest.AcceptanceTests", "Mc2.CrudTest.AcceptanceTests\Mc2.CrudTest.AcceptanceTests.csproj", "{6776DF76-1054-486C-A79A-57100C47032F}"
EndProject
Project("{2150E333-8FDC-42A3-9474-1A3956D46DE8}") = "Core", "Core", "{98869C6F-7C68-459C-89A7-6E82D47A471B}"
EndProject
Project("{9A19103F-16F7-4668-BE54-9A1E7A4F7556}") = "Core.Api", "Core\Core.Api\Core.Api.csproj", "{8D6F3F9E-1F72-44D6-861B-26F470BDF8C3}"
EndProject
Project("{9A19103F-16F7-4668-BE54-9A1E7A4F7556}") = "Core.Application", "Core\Core.Application\Core.Application.csproj", "{65401D8D-C2A9-4DFD-A64A-3162D0108E33}"
EndProject
Project("{9A19103F-16F7-4668-BE54-9A1E7A4F7556}") = "Core.Data", "Core\Core.Data\Core.Data.csproj", "{93A33757-48CD-4D58-A48C-F0FB4F2CDCD2}"
EndProject
Project("{9A19103F-16F7-4668-BE54-9A1E7A4F7556}") = "Core.Domain", "Core\Core.Domain\Core.Domain.csproj", "{E59DCE79-722B-4B8F-A8E6-431711A6A3BC}"
EndProject
Project("{2150E333-8FDC-42A3-9474-1A3956D46DE8}") = "Source", "Source", "{09CDD091-68E7-4D3E-8F98-BD46FB73D203}"
EndProject
Project("{2150E333-8FDC-42A3-9474-1A3956D46DE8}") = "Tests", "Tests", "{BF7487E6-BBE0-4E51-9A46-C72823CE5695}"
EndProject
Project("{2150E333-8FDC-42A3-9474-1A3956D46DE8}") = "Data", "Data", "{4D5CD3E2-94EB-458A-B431-4F03461285CF}"
EndProject
Project("{9A19103F-16F7-4668-BE54-9A1E7A4F7556}") = "Mc2.CrudTest.Domain", "Mc2.CrudTest.Domain\Mc2.CrudTest.Domain.csproj", "{C6BB68CD-47AF-4476-BA21-4F8FCD06EC83}"
EndProject
Project("{9A19103F-16F7-4668-BE54-9A1E7A4F7556}") = "Mc2.CrudTest.Infrastructure", "Mc2.CrudTest.Infrastructure\Mc2.CrudTest.Infrastructure.csproj", "{834A5778-D3F9-411D-B949-40258981ADD3}"
EndProject
Project("{9A19103F-16F7-4668-BE54-9A1E7A4F7556}") = "Mc2.CrudTest.Application", "Mc2.CrudTest.Presentation.Application\Mc2.CrudTest.Application.csproj", "{8AC34136-9D08-4193-B985-D07AD005CF70}"
EndProject
Project("{9A19103F-16F7-4668-BE54-9A1E7A4F7556}") = "Extensions", "Core\Extensions\Extensions.csproj", "{EAAE8EB1-7E4D-4F70-B01D-287B6395E351}"
EndProject
Project("{9A19103F-16F7-4668-BE54-9A1E7A4F7556}") = "Core.SharedForUI", "Core\Core.SharedForUI\Core.SharedForUI.csproj", "{756D9102-B617-4016-BB07-4353791EEE9A}"
EndProject
Project("{FAE04EC0-301F-11D3-BF4B-00C04F79EFBC}") = "Mc2.CrudTest.UnitTest", "Tests\Mc2.CrudTest.UnitTest\Mc2.CrudTest.UnitTest.csproj", "{48BADA9A-FC2E-4491-A7E9-B72E60CDB747}"
EndProject
Global
	GlobalSection(SolutionConfigurationPlatforms) = preSolution
		Debug|Any CPU = Debug|Any CPU
		Release|Any CPU = Release|Any CPU
	EndGlobalSection
	GlobalSection(ProjectConfigurationPlatforms) = postSolution
		{D2AD2F7D-C1E0-4C84-A2A4-6900CED15599}.Debug|Any CPU.ActiveCfg = Debug|Any CPU
		{D2AD2F7D-C1E0-4C84-A2A4-6900CED15599}.Debug|Any CPU.Build.0 = Debug|Any CPU
		{D2AD2F7D-C1E0-4C84-A2A4-6900CED15599}.Release|Any CPU.ActiveCfg = Release|Any CPU
		{D2AD2F7D-C1E0-4C84-A2A4-6900CED15599}.Release|Any CPU.Build.0 = Release|Any CPU
		{817C1B83-0CAC-4345-A0BE-5CCF30B15C26}.Debug|Any CPU.ActiveCfg = Debug|Any CPU
		{817C1B83-0CAC-4345-A0BE-5CCF30B15C26}.Debug|Any CPU.Build.0 = Debug|Any CPU
		{817C1B83-0CAC-4345-A0BE-5CCF30B15C26}.Release|Any CPU.ActiveCfg = Release|Any CPU
		{817C1B83-0CAC-4345-A0BE-5CCF30B15C26}.Release|Any CPU.Build.0 = Release|Any CPU
		{D6F1EC1A-CE1D-4E6D-B61D-07033DD442BE}.Debug|Any CPU.ActiveCfg = Debug|Any CPU
		{D6F1EC1A-CE1D-4E6D-B61D-07033DD442BE}.Debug|Any CPU.Build.0 = Debug|Any CPU
		{D6F1EC1A-CE1D-4E6D-B61D-07033DD442BE}.Release|Any CPU.ActiveCfg = Release|Any CPU
		{D6F1EC1A-CE1D-4E6D-B61D-07033DD442BE}.Release|Any CPU.Build.0 = Release|Any CPU
		{6776DF76-1054-486C-A79A-57100C47032F}.Debug|Any CPU.ActiveCfg = Debug|Any CPU
		{6776DF76-1054-486C-A79A-57100C47032F}.Debug|Any CPU.Build.0 = Debug|Any CPU
		{6776DF76-1054-486C-A79A-57100C47032F}.Release|Any CPU.ActiveCfg = Release|Any CPU
		{6776DF76-1054-486C-A79A-57100C47032F}.Release|Any CPU.Build.0 = Release|Any CPU
		{8D6F3F9E-1F72-44D6-861B-26F470BDF8C3}.Debug|Any CPU.ActiveCfg = Debug|Any CPU
		{8D6F3F9E-1F72-44D6-861B-26F470BDF8C3}.Debug|Any CPU.Build.0 = Debug|Any CPU
		{8D6F3F9E-1F72-44D6-861B-26F470BDF8C3}.Release|Any CPU.ActiveCfg = Release|Any CPU
		{8D6F3F9E-1F72-44D6-861B-26F470BDF8C3}.Release|Any CPU.Build.0 = Release|Any CPU
		{65401D8D-C2A9-4DFD-A64A-3162D0108E33}.Debug|Any CPU.ActiveCfg = Debug|Any CPU
		{65401D8D-C2A9-4DFD-A64A-3162D0108E33}.Debug|Any CPU.Build.0 = Debug|Any CPU
		{65401D8D-C2A9-4DFD-A64A-3162D0108E33}.Release|Any CPU.ActiveCfg = Release|Any CPU
		{65401D8D-C2A9-4DFD-A64A-3162D0108E33}.Release|Any CPU.Build.0 = Release|Any CPU
		{93A33757-48CD-4D58-A48C-F0FB4F2CDCD2}.Debug|Any CPU.ActiveCfg = Debug|Any CPU
		{93A33757-48CD-4D58-A48C-F0FB4F2CDCD2}.Debug|Any CPU.Build.0 = Debug|Any CPU
		{93A33757-48CD-4D58-A48C-F0FB4F2CDCD2}.Release|Any CPU.ActiveCfg = Release|Any CPU
		{93A33757-48CD-4D58-A48C-F0FB4F2CDCD2}.Release|Any CPU.Build.0 = Release|Any CPU
		{E59DCE79-722B-4B8F-A8E6-431711A6A3BC}.Debug|Any CPU.ActiveCfg = Debug|Any CPU
		{E59DCE79-722B-4B8F-A8E6-431711A6A3BC}.Debug|Any CPU.Build.0 = Debug|Any CPU
		{E59DCE79-722B-4B8F-A8E6-431711A6A3BC}.Release|Any CPU.ActiveCfg = Release|Any CPU
		{E59DCE79-722B-4B8F-A8E6-431711A6A3BC}.Release|Any CPU.Build.0 = Release|Any CPU
		{C6BB68CD-47AF-4476-BA21-4F8FCD06EC83}.Debug|Any CPU.ActiveCfg = Debug|Any CPU
		{C6BB68CD-47AF-4476-BA21-4F8FCD06EC83}.Debug|Any CPU.Build.0 = Debug|Any CPU
		{C6BB68CD-47AF-4476-BA21-4F8FCD06EC83}.Release|Any CPU.ActiveCfg = Release|Any CPU
		{C6BB68CD-47AF-4476-BA21-4F8FCD06EC83}.Release|Any CPU.Build.0 = Release|Any CPU
		{834A5778-D3F9-411D-B949-40258981ADD3}.Debug|Any CPU.ActiveCfg = Debug|Any CPU
		{834A5778-D3F9-411D-B949-40258981ADD3}.Debug|Any CPU.Build.0 = Debug|Any CPU
		{834A5778-D3F9-411D-B949-40258981ADD3}.Release|Any CPU.ActiveCfg = Release|Any CPU
		{834A5778-D3F9-411D-B949-40258981ADD3}.Release|Any CPU.Build.0 = Release|Any CPU
		{8AC34136-9D08-4193-B985-D07AD005CF70}.Debug|Any CPU.ActiveCfg = Debug|Any CPU
		{8AC34136-9D08-4193-B985-D07AD005CF70}.Debug|Any CPU.Build.0 = Debug|Any CPU
		{8AC34136-9D08-4193-B985-D07AD005CF70}.Release|Any CPU.ActiveCfg = Release|Any CPU
		{8AC34136-9D08-4193-B985-D07AD005CF70}.Release|Any CPU.Build.0 = Release|Any CPU
		{EAAE8EB1-7E4D-4F70-B01D-287B6395E351}.Debug|Any CPU.ActiveCfg = Debug|Any CPU
		{EAAE8EB1-7E4D-4F70-B01D-287B6395E351}.Debug|Any CPU.Build.0 = Debug|Any CPU
		{EAAE8EB1-7E4D-4F70-B01D-287B6395E351}.Release|Any CPU.ActiveCfg = Release|Any CPU
		{EAAE8EB1-7E4D-4F70-B01D-287B6395E351}.Release|Any CPU.Build.0 = Release|Any CPU
		{756D9102-B617-4016-BB07-4353791EEE9A}.Debug|Any CPU.ActiveCfg = Debug|Any CPU
		{756D9102-B617-4016-BB07-4353791EEE9A}.Debug|Any CPU.Build.0 = Debug|Any CPU
		{756D9102-B617-4016-BB07-4353791EEE9A}.Release|Any CPU.ActiveCfg = Release|Any CPU
		{756D9102-B617-4016-BB07-4353791EEE9A}.Release|Any CPU.Build.0 = Release|Any CPU
		{48BADA9A-FC2E-4491-A7E9-B72E60CDB747}.Debug|Any CPU.ActiveCfg = Debug|Any CPU
		{48BADA9A-FC2E-4491-A7E9-B72E60CDB747}.Debug|Any CPU.Build.0 = Debug|Any CPU
		{48BADA9A-FC2E-4491-A7E9-B72E60CDB747}.Release|Any CPU.ActiveCfg = Release|Any CPU
		{48BADA9A-FC2E-4491-A7E9-B72E60CDB747}.Release|Any CPU.Build.0 = Release|Any CPU
	EndGlobalSection
	GlobalSection(SolutionProperties) = preSolution
		HideSolutionNode = FALSE
	EndGlobalSection
	GlobalSection(NestedProjects) = preSolution
		{D2AD2F7D-C1E0-4C84-A2A4-6900CED15599} = {09CDD091-68E7-4D3E-8F98-BD46FB73D203}
		{817C1B83-0CAC-4345-A0BE-5CCF30B15C26} = {09CDD091-68E7-4D3E-8F98-BD46FB73D203}
		{D6F1EC1A-CE1D-4E6D-B61D-07033DD442BE} = {09CDD091-68E7-4D3E-8F98-BD46FB73D203}
		{6776DF76-1054-486C-A79A-57100C47032F} = {BF7487E6-BBE0-4E51-9A46-C72823CE5695}
		{8D6F3F9E-1F72-44D6-861B-26F470BDF8C3} = {98869C6F-7C68-459C-89A7-6E82D47A471B}
		{65401D8D-C2A9-4DFD-A64A-3162D0108E33} = {98869C6F-7C68-459C-89A7-6E82D47A471B}
		{93A33757-48CD-4D58-A48C-F0FB4F2CDCD2} = {98869C6F-7C68-459C-89A7-6E82D47A471B}
		{E59DCE79-722B-4B8F-A8E6-431711A6A3BC} = {98869C6F-7C68-459C-89A7-6E82D47A471B}
		{4D5CD3E2-94EB-458A-B431-4F03461285CF} = {09CDD091-68E7-4D3E-8F98-BD46FB73D203}
		{C6BB68CD-47AF-4476-BA21-4F8FCD06EC83} = {4D5CD3E2-94EB-458A-B431-4F03461285CF}
		{834A5778-D3F9-411D-B949-40258981ADD3} = {4D5CD3E2-94EB-458A-B431-4F03461285CF}
		{8AC34136-9D08-4193-B985-D07AD005CF70} = {09CDD091-68E7-4D3E-8F98-BD46FB73D203}
		{EAAE8EB1-7E4D-4F70-B01D-287B6395E351} = {98869C6F-7C68-459C-89A7-6E82D47A471B}
		{756D9102-B617-4016-BB07-4353791EEE9A} = {98869C6F-7C68-459C-89A7-6E82D47A471B}
		{48BADA9A-FC2E-4491-A7E9-B72E60CDB747} = {BF7487E6-BBE0-4E51-9A46-C72823CE5695}
	EndGlobalSection
	GlobalSection(ExtensibilityGlobals) = postSolution
		SolutionGuid = {4B5A26C9-68C1-49D9-9F32-AF907A1730C2}
	EndGlobalSection
EndGlobal
